{
  "object": {
    "pins": [
      {
        "package": "LocaleSupport",
        "repositoryURL": "https://github.com/richardpiazza/LocaleSupport.git",
        "state": {
          "branch": null,
          "revision": "105063b0f8fc664b25af8cf6d1eb84fed5df4e0c",
          "version": "0.4.0"
        }
      }
    ]
  },
  "version": 1
}
