{
  "object": {
    "pins": [
      {
        "package": "LocaleSupport",
        "repositoryURL": "https://github.com/richardpiazza/LocaleSupport.git",
        "state": {
          "branch": null,
          "revision": "e1c4fa509a2040a071db9e59a151300f4abc4b36",
          "version": "0.4.2"
        }
      }
    ]
  },
  "version": 1
}
